
Microsoft Visual Studio Solution File, Format Version 11.00
# Visual Studio 2010
Project("{FAE04EC0-301F-11D3-BF4B-00C04F79EFBC}") = "TopSalaries", "TopSalaries\TopSalaries.csproj", "{468D38CF-AB27-4EFD-9DFA-53628DD85642}"
EndProject
Global
	GlobalSection(SolutionConfigurationPlatforms) = preSolution
		Debug|Any CPU = Debug|Any CPU
		Release|Any CPU = Release|Any CPU
	EndGlobalSection
	GlobalSection(ProjectConfigurationPlatforms) = postSolution
		{468D38CF-AB27-4EFD-9DFA-53628DD85642}.Debug|Any CPU.ActiveCfg = Debug|Any CPU
		{468D38CF-AB27-4EFD-9DFA-53628DD85642}.Debug|Any CPU.Build.0 = Debug|Any CPU
		{468D38CF-AB27-4EFD-9DFA-53628DD85642}.Release|Any CPU.ActiveCfg = Release|Any CPU
		{468D38CF-AB27-4EFD-9DFA-53628DD85642}.Release|Any CPU.Build.0 = Release|Any CPU
	EndGlobalSection
	GlobalSection(SolutionProperties) = preSolution
		HideSolutionNode = FALSE
	EndGlobalSection
EndGlobal
